
Microsoft Visual Studio Solution File, Format Version 12.00
# Visual Studio 15
VisualStudioVersion = 15.0.26228.9
MinimumVisualStudioVersion = 10.0.40219.1
Project("{FAE04EC0-301F-11D3-BF4B-00C04F79EFBC}") = "WpfApplication1", "WpfApplication1\WpfApplication1.csproj", "{645884E5-BE5E-48A0-B2D7-4A47E9726385}"
EndProject
Project("{FAE04EC0-301F-11D3-BF4B-00C04F79EFBC}") = "SQL", "SQL\SQL.csproj", "{6C6CA8EA-4260-466B-9A58-FCC7FAE5C5DC}"
EndProject
Project("{FAE04EC0-301F-11D3-BF4B-00C04F79EFBC}") = "ClassLibrary", "ClassLibrary\ClassLibrary.csproj", "{5344BD62-8BBE-438A-93C2-BA1D636351DD}"
EndProject
Project("{54435603-DBB4-11D2-8724-00A0C9A8B90C}") = "Setup", "Setup\Setup.vdproj", "{F6357691-BCF7-4631-8D4D-9D01FB78DC1B}"
EndProject
Project("{FAE04EC0-301F-11D3-BF4B-00C04F79EFBC}") = "UnitTestProject", "UnitTestProject\UnitTestProject.csproj", "{0295A997-AE5F-4EF2-8B8D-2E0B2EF6BE76}"
EndProject
Global
	GlobalSection(SolutionConfigurationPlatforms) = preSolution
		Debug|Any CPU = Debug|Any CPU
		Release|Any CPU = Release|Any CPU
	EndGlobalSection
	GlobalSection(ProjectConfigurationPlatforms) = postSolution
		{645884E5-BE5E-48A0-B2D7-4A47E9726385}.Debug|Any CPU.ActiveCfg = Debug|Any CPU
		{645884E5-BE5E-48A0-B2D7-4A47E9726385}.Debug|Any CPU.Build.0 = Debug|Any CPU
		{645884E5-BE5E-48A0-B2D7-4A47E9726385}.Release|Any CPU.ActiveCfg = Release|Any CPU
		{645884E5-BE5E-48A0-B2D7-4A47E9726385}.Release|Any CPU.Build.0 = Release|Any CPU
		{6C6CA8EA-4260-466B-9A58-FCC7FAE5C5DC}.Debug|Any CPU.ActiveCfg = Debug|Any CPU
		{6C6CA8EA-4260-466B-9A58-FCC7FAE5C5DC}.Debug|Any CPU.Build.0 = Debug|Any CPU
		{6C6CA8EA-4260-466B-9A58-FCC7FAE5C5DC}.Release|Any CPU.ActiveCfg = Release|Any CPU
		{6C6CA8EA-4260-466B-9A58-FCC7FAE5C5DC}.Release|Any CPU.Build.0 = Release|Any CPU
		{5344BD62-8BBE-438A-93C2-BA1D636351DD}.Debug|Any CPU.ActiveCfg = Debug|Any CPU
		{5344BD62-8BBE-438A-93C2-BA1D636351DD}.Debug|Any CPU.Build.0 = Debug|Any CPU
		{5344BD62-8BBE-438A-93C2-BA1D636351DD}.Release|Any CPU.ActiveCfg = Release|Any CPU
		{5344BD62-8BBE-438A-93C2-BA1D636351DD}.Release|Any CPU.Build.0 = Release|Any CPU
		{F6357691-BCF7-4631-8D4D-9D01FB78DC1B}.Debug|Any CPU.ActiveCfg = Debug
		{F6357691-BCF7-4631-8D4D-9D01FB78DC1B}.Release|Any CPU.ActiveCfg = Release
		{0295A997-AE5F-4EF2-8B8D-2E0B2EF6BE76}.Debug|Any CPU.ActiveCfg = Debug|Any CPU
		{0295A997-AE5F-4EF2-8B8D-2E0B2EF6BE76}.Debug|Any CPU.Build.0 = Debug|Any CPU
		{0295A997-AE5F-4EF2-8B8D-2E0B2EF6BE76}.Release|Any CPU.ActiveCfg = Release|Any CPU
		{0295A997-AE5F-4EF2-8B8D-2E0B2EF6BE76}.Release|Any CPU.Build.0 = Release|Any CPU
	EndGlobalSection
	GlobalSection(SolutionProperties) = preSolution
		HideSolutionNode = FALSE
	EndGlobalSection
	GlobalSection(ExtensibilityGlobals) = postSolution
		SolutionGuid = {8A369B4F-683C-4750-B0DE-136E0C1BCE46}
	EndGlobalSection
EndGlobal
